// !$*UTF8*$!
{
	archiveVersion = 1;
	classes = {
	};
	objectVersion = 50;
	objects = {

/* Begin PBXBuildFile section */
		473DB6642178E7CC00402E74 /* AppDelegate.swift in Sources */ = {isa = PBXBuildFile; fileRef = 473DB6632178E7CC00402E74 /* AppDelegate.swift */; };
		473DB66B2178E7CD00402E74 /* Assets.xcassets in Resources */ = {isa = PBXBuildFile; fileRef = 473DB66A2178E7CD00402E74 /* Assets.xcassets */; };
		473DB67C2178E8DE00402E74 /* Main.storyboard in Resources */ = {isa = PBXBuildFile; fileRef = 473DB67B2178E8DE00402E74 /* Main.storyboard */; };
		473DB67E2178EBF000402E74 /* MainTableViewController.swift in Sources */ = {isa = PBXBuildFile; fileRef = 473DB67D2178EBF000402E74 /* MainTableViewController.swift */; };
		473DB6802178EC0E00402E74 /* AppstoreItemModel.swift in Sources */ = {isa = PBXBuildFile; fileRef = 473DB67F2178EC0E00402E74 /* AppstoreItemModel.swift */; };
		473DB6822178EC1B00402E74 /* AppStoreItemController.swift in Sources */ = {isa = PBXBuildFile; fileRef = 473DB6812178EC1B00402E74 /* AppStoreItemController.swift */; };
		473DB6842178ED4500402E74 /* ItunesItemTableViewCell.swift in Sources */ = {isa = PBXBuildFile; fileRef = 473DB6832178ED4500402E74 /* ItunesItemTableViewCell.swift */; };
/* End PBXBuildFile section */

/* Begin PBXFileReference section */
		473DB6602178E7CC00402E74 /* iTunesSearchAPI_iOS22.app */ = {isa = PBXFileReference; explicitFileType = wrapper.application; includeInIndex = 0; path = iTunesSearchAPI_iOS22.app; sourceTree = BUILT_PRODUCTS_DIR; };
		473DB6632178E7CC00402E74 /* AppDelegate.swift */ = {isa = PBXFileReference; lastKnownFileType = sourcecode.swift; path = AppDelegate.swift; sourceTree = "<group>"; };
		473DB66A2178E7CD00402E74 /* Assets.xcassets */ = {isa = PBXFileReference; lastKnownFileType = folder.assetcatalog; path = Assets.xcassets; sourceTree = "<group>"; };
		473DB66F2178E7CD00402E74 /* Info.plist */ = {isa = PBXFileReference; lastKnownFileType = text.plist.xml; path = Info.plist; sourceTree = "<group>"; };
		473DB67B2178E8DE00402E74 /* Main.storyboard */ = {isa = PBXFileReference; lastKnownFileType = file.storyboard; path = Main.storyboard; sourceTree = "<group>"; };
		473DB67D2178EBF000402E74 /* MainTableViewController.swift */ = {isa = PBXFileReference; lastKnownFileType = sourcecode.swift; path = MainTableViewController.swift; sourceTree = "<group>"; };
		473DB67F2178EC0E00402E74 /* AppstoreItemModel.swift */ = {isa = PBXFileReference; lastKnownFileType = sourcecode.swift; path = AppstoreItemModel.swift; sourceTree = "<group>"; };
		473DB6812178EC1B00402E74 /* AppStoreItemController.swift */ = {isa = PBXFileReference; lastKnownFileType = sourcecode.swift; path = AppStoreItemController.swift; sourceTree = "<group>"; };
		473DB6832178ED4500402E74 /* ItunesItemTableViewCell.swift */ = {isa = PBXFileReference; lastKnownFileType = sourcecode.swift; path = ItunesItemTableViewCell.swift; sourceTree = "<group>"; };
/* End PBXFileReference section */

/* Begin PBXFrameworksBuildPhase section */
		473DB65D2178E7CC00402E74 /* Frameworks */ = {
			isa = PBXFrameworksBuildPhase;
			buildActionMask = 2147483647;
			files = (
			);
			runOnlyForDeploymentPostprocessing = 0;
		};
/* End PBXFrameworksBuildPhase section */

/* Begin PBXGroup section */
		473DB6572178E7CC00402E74 = {
			isa = PBXGroup;
			children = (
				473DB6622178E7CC00402E74 /* iTunesSearchAPI_iOS22 */,
				473DB6612178E7CC00402E74 /* Products */,
			);
			sourceTree = "<group>";
		};
		473DB6612178E7CC00402E74 /* Products */ = {
			isa = PBXGroup;
			children = (
				473DB6602178E7CC00402E74 /* iTunesSearchAPI_iOS22.app */,
			);
			name = Products;
			sourceTree = "<group>";
		};
		473DB6622178E7CC00402E74 /* iTunesSearchAPI_iOS22 */ = {
			isa = PBXGroup;
			children = (
				473DB67A2178E7DE00402E74 /* View */,
				473DB6792178E7DC00402E74 /* UI */,
				473DB6772178E7D900402E74 /* ModelController */,
				473DB6782178E7DB00402E74 /* ViewController */,
				473DB6762178E7D700402E74 /* Model */,
				473DB6752178E7D300402E74 /* resources */,
			);
			path = iTunesSearchAPI_iOS22;
			sourceTree = "<group>";
		};
		473DB6752178E7D300402E74 /* resources */ = {
			isa = PBXGroup;
			children = (
				473DB6632178E7CC00402E74 /* AppDelegate.swift */,
				473DB66A2178E7CD00402E74 /* Assets.xcassets */,
				473DB66F2178E7CD00402E74 /* Info.plist */,
			);
			path = resources;
			sourceTree = "<group>";
		};
		473DB6762178E7D700402E74 /* Model */ = {
			isa = PBXGroup;
			children = (
				473DB67F2178EC0E00402E74 /* AppstoreItemModel.swift */,
			);
			path = Model;
			sourceTree = "<group>";
		};
		473DB6772178E7D900402E74 /* ModelController */ = {
			isa = PBXGroup;
			children = (
				473DB67D2178EBF000402E74 /* MainTableViewController.swift */,
			);
			path = ModelController;
			sourceTree = "<group>";
		};
		473DB6782178E7DB00402E74 /* ViewController */ = {
			isa = PBXGroup;
			children = (
				473DB6812178EC1B00402E74 /* AppStoreItemController.swift */,
			);
			path = ViewController;
			sourceTree = "<group>";
		};
		473DB6792178E7DC00402E74 /* UI */ = {
			isa = PBXGroup;
			children = (
				473DB67B2178E8DE00402E74 /* Main.storyboard */,
			);
			path = UI;
			sourceTree = "<group>";
		};
		473DB67A2178E7DE00402E74 /* View */ = {
			isa = PBXGroup;
			children = (
				473DB6832178ED4500402E74 /* ItunesItemTableViewCell.swift */,
			);
			path = View;
			sourceTree = "<group>";
		};
/* End PBXGroup section */

/* Begin PBXNativeTarget section */
		473DB65F2178E7CC00402E74 /* iTunesSearchAPI_iOS22 */ = {
			isa = PBXNativeTarget;
			buildConfigurationList = 473DB6722178E7CD00402E74 /* Build configuration list for PBXNativeTarget "iTunesSearchAPI_iOS22" */;
			buildPhases = (
				473DB65C2178E7CC00402E74 /* Sources */,
				473DB65D2178E7CC00402E74 /* Frameworks */,
				473DB65E2178E7CC00402E74 /* Resources */,
			);
			buildRules = (
			);
			dependencies = (
			);
			name = iTunesSearchAPI_iOS22;
			productName = iTunesSearchAPI_iOS22;
			productReference = 473DB6602178E7CC00402E74 /* iTunesSearchAPI_iOS22.app */;
			productType = "com.apple.product-type.application";
		};
/* End PBXNativeTarget section */

/* Begin PBXProject section */
		473DB6582178E7CC00402E74 /* Project object */ = {
			isa = PBXProject;
			attributes = {
				LastSwiftUpdateCheck = 1000;
				LastUpgradeCheck = 1000;
				ORGANIZATIONNAME = ramcomw;
				TargetAttributes = {
					473DB65F2178E7CC00402E74 = {
						CreatedOnToolsVersion = 10.0;
					};
				};
			};
			buildConfigurationList = 473DB65B2178E7CC00402E74 /* Build configuration list for PBXProject "iTunesSearchAPI_iOS22" */;
			compatibilityVersion = "Xcode 9.3";
			developmentRegion = en;
			hasScannedForEncodings = 0;
			knownRegions = (
				en,
				Base,
			);
			mainGroup = 473DB6572178E7CC00402E74;
			productRefGroup = 473DB6612178E7CC00402E74 /* Products */;
			projectDirPath = "";
			projectRoot = "";
			targets = (
				473DB65F2178E7CC00402E74 /* iTunesSearchAPI_iOS22 */,
			);
		};
/* End PBXProject section */

/* Begin PBXResourcesBuildPhase section */
		473DB65E2178E7CC00402E74 /* Resources */ = {
			isa = PBXResourcesBuildPhase;
			buildActionMask = 2147483647;
			files = (
				473DB66B2178E7CD00402E74 /* Assets.xcassets in Resources */,
				473DB67C2178E8DE00402E74 /* Main.storyboard in Resources */,
			);
			runOnlyForDeploymentPostprocessing = 0;
		};
/* End PBXResourcesBuildPhase section */

/* Begin PBXSourcesBuildPhase section */
		473DB65C2178E7CC00402E74 /* Sources */ = {
			isa = PBXSourcesBuildPhase;
			buildActionMask = 2147483647;
			files = (
				473DB6822178EC1B00402E74 /* AppStoreItemController.swift in Sources */,
				473DB6842178ED4500402E74 /* ItunesItemTableViewCell.swift in Sources */,
				473DB67E2178EBF000402E74 /* MainTableViewController.swift in Sources */,
				473DB6802178EC0E00402E74 /* AppstoreItemModel.swift in Sources */,
				473DB6642178E7CC00402E74 /* AppDelegate.swift in Sources */,
			);
			runOnlyForDeploymentPostprocessing = 0;
		};
/* End PBXSourcesBuildPhase section */

/* Begin XCBuildConfiguration section */
		473DB6702178E7CD00402E74 /* Debug */ = {
			isa = XCBuildConfiguration;
			buildSettings = {
				ALWAYS_SEARCH_USER_PATHS = NO;
				CLANG_ANALYZER_NONNULL = YES;
				CLANG_ANALYZER_NUMBER_OBJECT_CONVERSION = YES_AGGRESSIVE;
				CLANG_CXX_LANGUAGE_STANDARD = "gnu++14";
				CLANG_CXX_LIBRARY = "libc++";
				CLANG_ENABLE_MODULES = YES;
				CLANG_ENABLE_OBJC_ARC = YES;
				CLANG_ENABLE_OBJC_WEAK = YES;
				CLANG_WARN_BLOCK_CAPTURE_AUTORELEASING = YES;
				CLANG_WARN_BOOL_CONVERSION = YES;
				CLANG_WARN_COMMA = YES;
				CLANG_WARN_CONSTANT_CONVERSION = YES;
				CLANG_WARN_DEPRECATED_OBJC_IMPLEMENTATIONS = YES;
				CLANG_WARN_DIRECT_OBJC_ISA_USAGE = YES_ERROR;
				CLANG_WARN_DOCUMENTATION_COMMENTS = YES;
				CLANG_WARN_EMPTY_BODY = YES;
				CLANG_WARN_ENUM_CONVERSION = YES;
				CLANG_WARN_INFINITE_RECURSION = YES;
				CLANG_WARN_INT_CONVERSION = YES;
				CLANG_WARN_NON_LITERAL_NULL_CONVERSION = YES;
				CLANG_WARN_OBJC_IMPLICIT_RETAIN_SELF = YES;
				CLANG_WARN_OBJC_LITERAL_CONVERSION = YES;
				CLANG_WARN_OBJC_ROOT_CLASS = YES_ERROR;
				CLANG_WARN_RANGE_LOOP_ANALYSIS = YES;
				CLANG_WARN_STRICT_PROTOTYPES = YES;
				CLANG_WARN_SUSPICIOUS_MOVE = YES;
				CLANG_WARN_UNGUARDED_AVAILABILITY = YES_AGGRESSIVE;
				CLANG_WARN_UNREACHABLE_CODE = YES;
				CLANG_WARN__DUPLICATE_METHOD_MATCH = YES;
				CODE_SIGN_IDENTITY = "iPhone Developer";
				COPY_PHASE_STRIP = NO;
				DEBUG_INFORMATION_FORMAT = dwarf;
				ENABLE_STRICT_OBJC_MSGSEND = YES;
				ENABLE_TESTABILITY = YES;
				GCC_C_LANGUAGE_STANDARD = gnu11;
				GCC_DYNAMIC_NO_PIC = NO;
				GCC_NO_COMMON_BLOCKS = YES;
				GCC_OPTIMIZATION_LEVEL = 0;
				GCC_PREPROCESSOR_DEFINITIONS = (
					"DEBUG=1",
					"$(inherited)",
				);
				GCC_WARN_64_TO_32_BIT_CONVERSION = YES;
				GCC_WARN_ABOUT_RETURN_TYPE = YES_ERROR;
				GCC_WARN_UNDECLARED_SELECTOR = YES;
				GCC_WARN_UNINITIALIZED_AUTOS = YES_AGGRESSIVE;
				GCC_WARN_UNUSED_FUNCTION = YES;
				GCC_WARN_UNUSED_VARIABLE = YES;
				IPHONEOS_DEPLOYMENT_TARGET = 12.0;
				MTL_ENABLE_DEBUG_INFO = INCLUDE_SOURCE;
				MTL_FAST_MATH = YES;
				ONLY_ACTIVE_ARCH = YES;
				SDKROOT = iphoneos;
				SWIFT_ACTIVE_COMPILATION_CONDITIONS = DEBUG;
				SWIFT_OPTIMIZATION_LEVEL = "-Onone";
			};
			name = Debug;
		};
		473DB6712178E7CD00402E74 /* Release */ = {
			isa = XCBuildConfiguration;
			buildSettings = {
				ALWAYS_SEARCH_USER_PATHS = NO;
				CLANG_ANALYZER_NONNULL = YES;
				CLANG_ANALYZER_NUMBER_OBJECT_CONVERSION = YES_AGGRESSIVE;
				CLANG_CXX_LANGUAGE_STANDARD = "gnu++14";
				CLANG_CXX_LIBRARY = "libc++";
				CLANG_ENABLE_MODULES = YES;
				CLANG_ENABLE_OBJC_ARC = YES;
				CLANG_ENABLE_OBJC_WEAK = YES;
				CLANG_WARN_BLOCK_CAPTURE_AUTORELEASING = YES;
				CLANG_WARN_BOOL_CONVERSION = YES;
				CLANG_WARN_COMMA = YES;
				CLANG_WARN_CONSTANT_CONVERSION = YES;
				CLANG_WARN_DEPRECATED_OBJC_IMPLEMENTATIONS = YES;
				CLANG_WARN_DIRECT_OBJC_ISA_USAGE = YES_ERROR;
				CLANG_WARN_DOCUMENTATION_COMMENTS = YES;
				CLANG_WARN_EMPTY_BODY = YES;
				CLANG_WARN_ENUM_CONVERSION = YES;
				CLANG_WARN_INFINITE_RECURSION = YES;
				CLANG_WARN_INT_CONVERSION = YES;
				CLANG_WARN_NON_LITERAL_NULL_CONVERSION = YES;
				CLANG_WARN_OBJC_IMPLICIT_RETAIN_SELF = YES;
				CLANG_WARN_OBJC_LITERAL_CONVERSION = YES;
				CLANG_WARN_OBJC_ROOT_CLASS = YES_ERROR;
				CLANG_WARN_RANGE_LOOP_ANALYSIS = YES;
				CLANG_WARN_STRICT_PROTOTYPES = YES;
				CLANG_WARN_SUSPICIOUS_MOVE = YES;
				CLANG_WARN_UNGUARDED_AVAILABILITY = YES_AGGRESSIVE;
				CLANG_WARN_UNREACHABLE_CODE = YES;
				CLANG_WARN__DUPLICATE_METHOD_MATCH = YES;
				CODE_SIGN_IDENTITY = "iPhone Developer";
				COPY_PHASE_STRIP = NO;
				DEBUG_INFORMATION_FORMAT = "dwarf-with-dsym";
				ENABLE_NS_ASSERTIONS = NO;
				ENABLE_STRICT_OBJC_MSGSEND = YES;
				GCC_C_LANGUAGE_STANDARD = gnu11;
				GCC_NO_COMMON_BLOCKS = YES;
				GCC_WARN_64_TO_32_BIT_CONVERSION = YES;
				GCC_WARN_ABOUT_RETURN_TYPE = YES_ERROR;
				GCC_WARN_UNDECLARED_SELECTOR = YES;
				GCC_WARN_UNINITIALIZED_AUTOS = YES_AGGRESSIVE;
				GCC_WARN_UNUSED_FUNCTION = YES;
				GCC_WARN_UNUSED_VARIABLE = YES;
				IPHONEOS_DEPLOYMENT_TARGET = 12.0;
				MTL_ENABLE_DEBUG_INFO = NO;
				MTL_FAST_MATH = YES;
				SDKROOT = iphoneos;
				SWIFT_COMPILATION_MODE = wholemodule;
				SWIFT_OPTIMIZATION_LEVEL = "-O";
				VALIDATE_PRODUCT = YES;
			};
			name = Release;
		};
		473DB6732178E7CD00402E74 /* Debug */ = {
			isa = XCBuildConfiguration;
			buildSettings = {
				ASSETCATALOG_COMPILER_APPICON_NAME = AppIcon;
				CODE_SIGN_STYLE = Automatic;
				DEVELOPMENT_TEAM = L7AYJDAX2C;
				INFOPLIST_FILE = "$(SRCROOT)/iTunesSearchAPI_iOS22/resources/Info.plist";
				LD_RUNPATH_SEARCH_PATHS = (
					"$(inherited)",
					"@executable_path/Frameworks",
				);
				PRODUCT_BUNDLE_IDENTIFIER = "com.ramcomw.i2v.iTunesSearchAPI-iOS22";
				PRODUCT_NAME = "$(TARGET_NAME)";
				SWIFT_VERSION = 4.2;
				TARGETED_DEVICE_FAMILY = "1,2";
			};
			name = Debug;
		};
		473DB6742178E7CD00402E74 /* Release */ = {
			isa = XCBuildConfiguration;
			buildSettings = {
				ASSETCATALOG_COMPILER_APPICON_NAME = AppIcon;
				CODE_SIGN_STYLE = Automatic;
				DEVELOPMENT_TEAM = L7AYJDAX2C;
				INFOPLIST_FILE = "$(SRCROOT)/iTunesSearchAPI_iOS22/resources/Info.plist";
				LD_RUNPATH_SEARCH_PATHS = (
					"$(inherited)",
					"@executable_path/Frameworks",
				);
				PRODUCT_BUNDLE_IDENTIFIER = "com.ramcomw.i2v.iTunesSearchAPI-iOS22";
				PRODUCT_NAME = "$(TARGET_NAME)";
				SWIFT_VERSION = 4.2;
				TARGETED_DEVICE_FAMILY = "1,2";
			};
			name = Release;
		};
/* End XCBuildConfiguration section */

/* Begin XCConfigurationList section */
		473DB65B2178E7CC00402E74 /* Build configuration list for PBXProject "iTunesSearchAPI_iOS22" */ = {
			isa = XCConfigurationList;
			buildConfigurations = (
				473DB6702178E7CD00402E74 /* Debug */,
				473DB6712178E7CD00402E74 /* Release */,
			);
			defaultConfigurationIsVisible = 0;
			defaultConfigurationName = Release;
		};
		473DB6722178E7CD00402E74 /* Build configuration list for PBXNativeTarget "iTunesSearchAPI_iOS22" */ = {
			isa = XCConfigurationList;
			buildConfigurations = (
				473DB6732178E7CD00402E74 /* Debug */,
				473DB6742178E7CD00402E74 /* Release */,
			);
			defaultConfigurationIsVisible = 0;
			defaultConfigurationName = Release;
		};
/* End XCConfigurationList section */
	};
	rootObject = 473DB6582178E7CC00402E74 /* Project object */;
}
